// !$*UTF8*$!
{
	archiveVersion = 1;
	classes = {
	};
	objectVersion = 55;
	objects = {

/* Begin PBXBuildFile section */
		5F42FFDB27A6EEE700F71CC2 /* FirstViewController.swift in Sources */ = {isa = PBXBuildFile; fileRef = 5F42FFD927A6EEE700F71CC2 /* FirstViewController.swift */; };
		5F42FFDC27A6EEE700F71CC2 /* FirstViewController.xib in Resources */ = {isa = PBXBuildFile; fileRef = 5F42FFDA27A6EEE700F71CC2 /* FirstViewController.xib */; };
		5F42FFE127A6EFAC00F71CC2 /* Coordinator.swift in Sources */ = {isa = PBXBuildFile; fileRef = 5F42FFE027A6EFAC00F71CC2 /* Coordinator.swift */; };
		5F42FFE327A6F1CB00F71CC2 /* MainCoordinator.swift in Sources */ = {isa = PBXBuildFile; fileRef = 5F42FFE227A6F1CB00F71CC2 /* MainCoordinator.swift */; };
		5F42FFE727A6F5A800F71CC2 /* SecondViewController.swift in Sources */ = {isa = PBXBuildFile; fileRef = 5F42FFE527A6F5A800F71CC2 /* SecondViewController.swift */; };
		5F42FFE827A6F5A800F71CC2 /* SecondViewController.xib in Resources */ = {isa = PBXBuildFile; fileRef = 5F42FFE627A6F5A800F71CC2 /* SecondViewController.xib */; };
		5F69674427A68E5800A175CE /* AppDelegate.swift in Sources */ = {isa = PBXBuildFile; fileRef = 5F69674327A68E5800A175CE /* AppDelegate.swift */; };
		5F69674627A68E5800A175CE /* SceneDelegate.swift in Sources */ = {isa = PBXBuildFile; fileRef = 5F69674527A68E5800A175CE /* SceneDelegate.swift */; };
		5F69674D27A68E5A00A175CE /* Assets.xcassets in Resources */ = {isa = PBXBuildFile; fileRef = 5F69674C27A68E5A00A175CE /* Assets.xcassets */; };
		5F69675027A68E5A00A175CE /* LaunchScreen.storyboard in Resources */ = {isa = PBXBuildFile; fileRef = 5F69674E27A68E5A00A175CE /* LaunchScreen.storyboard */; };
		5F69675B27A68E5A00A175CE /* Coordinator_SampleTests.swift in Sources */ = {isa = PBXBuildFile; fileRef = 5F69675A27A68E5A00A175CE /* Coordinator_SampleTests.swift */; };
		5F69676527A68E5A00A175CE /* Coordinator_SampleUITests.swift in Sources */ = {isa = PBXBuildFile; fileRef = 5F69676427A68E5A00A175CE /* Coordinator_SampleUITests.swift */; };
		5F69676727A68E5A00A175CE /* Coordinator_SampleUITestsLaunchTests.swift in Sources */ = {isa = PBXBuildFile; fileRef = 5F69676627A68E5A00A175CE /* Coordinator_SampleUITestsLaunchTests.swift */; };
/* End PBXBuildFile section */

/* Begin PBXContainerItemProxy section */
		5F69675727A68E5A00A175CE /* PBXContainerItemProxy */ = {
			isa = PBXContainerItemProxy;
			containerPortal = 5F69673827A68E5800A175CE /* Project object */;
			proxyType = 1;
			remoteGlobalIDString = 5F69673F27A68E5800A175CE;
			remoteInfo = "Coordinator-Sample";
		};
		5F69676127A68E5A00A175CE /* PBXContainerItemProxy */ = {
			isa = PBXContainerItemProxy;
			containerPortal = 5F69673827A68E5800A175CE /* Project object */;
			proxyType = 1;
			remoteGlobalIDString = 5F69673F27A68E5800A175CE;
			remoteInfo = "Coordinator-Sample";
		};
/* End PBXContainerItemProxy section */

/* Begin PBXFileReference section */
		5F42FFD927A6EEE700F71CC2 /* FirstViewController.swift */ = {isa = PBXFileReference; lastKnownFileType = sourcecode.swift; path = FirstViewController.swift; sourceTree = "<group>"; };
		5F42FFDA27A6EEE700F71CC2 /* FirstViewController.xib */ = {isa = PBXFileReference; lastKnownFileType = file.xib; path = FirstViewController.xib; sourceTree = "<group>"; };
		5F42FFE027A6EFAC00F71CC2 /* Coordinator.swift */ = {isa = PBXFileReference; lastKnownFileType = sourcecode.swift; path = Coordinator.swift; sourceTree = "<group>"; };
		5F42FFE227A6F1CB00F71CC2 /* MainCoordinator.swift */ = {isa = PBXFileReference; lastKnownFileType = sourcecode.swift; path = MainCoordinator.swift; sourceTree = "<group>"; };
		5F42FFE527A6F5A800F71CC2 /* SecondViewController.swift */ = {isa = PBXFileReference; lastKnownFileType = sourcecode.swift; path = SecondViewController.swift; sourceTree = "<group>"; };
		5F42FFE627A6F5A800F71CC2 /* SecondViewController.xib */ = {isa = PBXFileReference; lastKnownFileType = file.xib; path = SecondViewController.xib; sourceTree = "<group>"; };
		5F69674027A68E5800A175CE /* Coordinator-Sample.app */ = {isa = PBXFileReference; explicitFileType = wrapper.application; includeInIndex = 0; path = "Coordinator-Sample.app"; sourceTree = BUILT_PRODUCTS_DIR; };
		5F69674327A68E5800A175CE /* AppDelegate.swift */ = {isa = PBXFileReference; lastKnownFileType = sourcecode.swift; path = AppDelegate.swift; sourceTree = "<group>"; };
		5F69674527A68E5800A175CE /* SceneDelegate.swift */ = {isa = PBXFileReference; lastKnownFileType = sourcecode.swift; path = SceneDelegate.swift; sourceTree = "<group>"; };
		5F69674C27A68E5A00A175CE /* Assets.xcassets */ = {isa = PBXFileReference; lastKnownFileType = folder.assetcatalog; path = Assets.xcassets; sourceTree = "<group>"; };
		5F69674F27A68E5A00A175CE /* Base */ = {isa = PBXFileReference; lastKnownFileType = file.storyboard; name = Base; path = Base.lproj/LaunchScreen.storyboard; sourceTree = "<group>"; };
		5F69675127A68E5A00A175CE /* Info.plist */ = {isa = PBXFileReference; lastKnownFileType = text.plist.xml; path = Info.plist; sourceTree = "<group>"; };
		5F69675627A68E5A00A175CE /* Coordinator-SampleTests.xctest */ = {isa = PBXFileReference; explicitFileType = wrapper.cfbundle; includeInIndex = 0; path = "Coordinator-SampleTests.xctest"; sourceTree = BUILT_PRODUCTS_DIR; };
		5F69675A27A68E5A00A175CE /* Coordinator_SampleTests.swift */ = {isa = PBXFileReference; lastKnownFileType = sourcecode.swift; path = Coordinator_SampleTests.swift; sourceTree = "<group>"; };
		5F69676027A68E5A00A175CE /* Coordinator-SampleUITests.xctest */ = {isa = PBXFileReference; explicitFileType = wrapper.cfbundle; includeInIndex = 0; path = "Coordinator-SampleUITests.xctest"; sourceTree = BUILT_PRODUCTS_DIR; };
		5F69676427A68E5A00A175CE /* Coordinator_SampleUITests.swift */ = {isa = PBXFileReference; lastKnownFileType = sourcecode.swift; path = Coordinator_SampleUITests.swift; sourceTree = "<group>"; };
		5F69676627A68E5A00A175CE /* Coordinator_SampleUITestsLaunchTests.swift */ = {isa = PBXFileReference; lastKnownFileType = sourcecode.swift; path = Coordinator_SampleUITestsLaunchTests.swift; sourceTree = "<group>"; };
/* End PBXFileReference section */

/* Begin PBXFrameworksBuildPhase section */
		5F69673D27A68E5800A175CE /* Frameworks */ = {
			isa = PBXFrameworksBuildPhase;
			buildActionMask = 2147483647;
			files = (
			);
			runOnlyForDeploymentPostprocessing = 0;
		};
		5F69675327A68E5A00A175CE /* Frameworks */ = {
			isa = PBXFrameworksBuildPhase;
			buildActionMask = 2147483647;
			files = (
			);
			runOnlyForDeploymentPostprocessing = 0;
		};
		5F69675D27A68E5A00A175CE /* Frameworks */ = {
			isa = PBXFrameworksBuildPhase;
			buildActionMask = 2147483647;
			files = (
			);
			runOnlyForDeploymentPostprocessing = 0;
		};
/* End PBXFrameworksBuildPhase section */

/* Begin PBXGroup section */
		5F42FFDD27A6EF1700F71CC2 /* ViewControllers */ = {
			isa = PBXGroup;
			children = (
				5F42FFE427A6F59200F71CC2 /* SecondViewController */,
				5F42FFDE27A6EF2500F71CC2 /* FirstViewController */,
			);
			path = ViewControllers;
			sourceTree = "<group>";
		};
		5F42FFDE27A6EF2500F71CC2 /* FirstViewController */ = {
			isa = PBXGroup;
			children = (
				5F42FFD927A6EEE700F71CC2 /* FirstViewController.swift */,
				5F42FFDA27A6EEE700F71CC2 /* FirstViewController.xib */,
			);
			path = FirstViewController;
			sourceTree = "<group>";
		};
		5F42FFDF27A6EF9100F71CC2 /* Coordinator */ = {
			isa = PBXGroup;
			children = (
				5F42FFE027A6EFAC00F71CC2 /* Coordinator.swift */,
				5F42FFE227A6F1CB00F71CC2 /* MainCoordinator.swift */,
			);
			path = Coordinator;
			sourceTree = "<group>";
		};
		5F42FFE427A6F59200F71CC2 /* SecondViewController */ = {
			isa = PBXGroup;
			children = (
				5F42FFE527A6F5A800F71CC2 /* SecondViewController.swift */,
				5F42FFE627A6F5A800F71CC2 /* SecondViewController.xib */,
			);
			path = SecondViewController;
			sourceTree = "<group>";
		};
		5F69673727A68E5800A175CE = {
			isa = PBXGroup;
			children = (
				5F69674227A68E5800A175CE /* Coordinator-Sample */,
				5F69675927A68E5A00A175CE /* Coordinator-SampleTests */,
				5F69676327A68E5A00A175CE /* Coordinator-SampleUITests */,
				5F69674127A68E5800A175CE /* Products */,
			);
			sourceTree = "<group>";
		};
		5F69674127A68E5800A175CE /* Products */ = {
			isa = PBXGroup;
			children = (
				5F69674027A68E5800A175CE /* Coordinator-Sample.app */,
				5F69675627A68E5A00A175CE /* Coordinator-SampleTests.xctest */,
				5F69676027A68E5A00A175CE /* Coordinator-SampleUITests.xctest */,
			);
			name = Products;
			sourceTree = "<group>";
		};
		5F69674227A68E5800A175CE /* Coordinator-Sample */ = {
			isa = PBXGroup;
			children = (
				5F42FFDF27A6EF9100F71CC2 /* Coordinator */,
				5F42FFDD27A6EF1700F71CC2 /* ViewControllers */,
				5F69674327A68E5800A175CE /* AppDelegate.swift */,
				5F69674527A68E5800A175CE /* SceneDelegate.swift */,
				5F69674C27A68E5A00A175CE /* Assets.xcassets */,
				5F69674E27A68E5A00A175CE /* LaunchScreen.storyboard */,
				5F69675127A68E5A00A175CE /* Info.plist */,
			);
			path = "Coordinator-Sample";
			sourceTree = "<group>";
		};
		5F69675927A68E5A00A175CE /* Coordinator-SampleTests */ = {
			isa = PBXGroup;
			children = (
				5F69675A27A68E5A00A175CE /* Coordinator_SampleTests.swift */,
			);
			path = "Coordinator-SampleTests";
			sourceTree = "<group>";
		};
		5F69676327A68E5A00A175CE /* Coordinator-SampleUITests */ = {
			isa = PBXGroup;
			children = (
				5F69676427A68E5A00A175CE /* Coordinator_SampleUITests.swift */,
				5F69676627A68E5A00A175CE /* Coordinator_SampleUITestsLaunchTests.swift */,
			);
			path = "Coordinator-SampleUITests";
			sourceTree = "<group>";
		};
/* End PBXGroup section */

/* Begin PBXNativeTarget section */
		5F69673F27A68E5800A175CE /* Coordinator-Sample */ = {
			isa = PBXNativeTarget;
			buildConfigurationList = 5F69676A27A68E5A00A175CE /* Build configuration list for PBXNativeTarget "Coordinator-Sample" */;
			buildPhases = (
				5F69673C27A68E5800A175CE /* Sources */,
				5F69673D27A68E5800A175CE /* Frameworks */,
				5F69673E27A68E5800A175CE /* Resources */,
			);
			buildRules = (
			);
			dependencies = (
			);
			name = "Coordinator-Sample";
			productName = "Coordinator-Sample";
			productReference = 5F69674027A68E5800A175CE /* Coordinator-Sample.app */;
			productType = "com.apple.product-type.application";
		};
		5F69675527A68E5A00A175CE /* Coordinator-SampleTests */ = {
			isa = PBXNativeTarget;
			buildConfigurationList = 5F69676D27A68E5A00A175CE /* Build configuration list for PBXNativeTarget "Coordinator-SampleTests" */;
			buildPhases = (
				5F69675227A68E5A00A175CE /* Sources */,
				5F69675327A68E5A00A175CE /* Frameworks */,
				5F69675427A68E5A00A175CE /* Resources */,
			);
			buildRules = (
			);
			dependencies = (
				5F69675827A68E5A00A175CE /* PBXTargetDependency */,
			);
			name = "Coordinator-SampleTests";
			productName = "Coordinator-SampleTests";
			productReference = 5F69675627A68E5A00A175CE /* Coordinator-SampleTests.xctest */;
			productType = "com.apple.product-type.bundle.unit-test";
		};
		5F69675F27A68E5A00A175CE /* Coordinator-SampleUITests */ = {
			isa = PBXNativeTarget;
			buildConfigurationList = 5F69677027A68E5A00A175CE /* Build configuration list for PBXNativeTarget "Coordinator-SampleUITests" */;
			buildPhases = (
				5F69675C27A68E5A00A175CE /* Sources */,
				5F69675D27A68E5A00A175CE /* Frameworks */,
				5F69675E27A68E5A00A175CE /* Resources */,
			);
			buildRules = (
			);
			dependencies = (
				5F69676227A68E5A00A175CE /* PBXTargetDependency */,
			);
			name = "Coordinator-SampleUITests";
			productName = "Coordinator-SampleUITests";
			productReference = 5F69676027A68E5A00A175CE /* Coordinator-SampleUITests.xctest */;
			productType = "com.apple.product-type.bundle.ui-testing";
		};
/* End PBXNativeTarget section */

/* Begin PBXProject section */
		5F69673827A68E5800A175CE /* Project object */ = {
			isa = PBXProject;
			attributes = {
				BuildIndependentTargetsInParallel = 1;
				LastSwiftUpdateCheck = 1320;
				LastUpgradeCheck = 1320;
				TargetAttributes = {
					5F69673F27A68E5800A175CE = {
						CreatedOnToolsVersion = 13.2.1;
					};
					5F69675527A68E5A00A175CE = {
						CreatedOnToolsVersion = 13.2.1;
						TestTargetID = 5F69673F27A68E5800A175CE;
					};
					5F69675F27A68E5A00A175CE = {
						CreatedOnToolsVersion = 13.2.1;
						TestTargetID = 5F69673F27A68E5800A175CE;
					};
				};
			};
			buildConfigurationList = 5F69673B27A68E5800A175CE /* Build configuration list for PBXProject "Coordinator-Sample" */;
			compatibilityVersion = "Xcode 13.0";
			developmentRegion = en;
			hasScannedForEncodings = 0;
			knownRegions = (
				en,
				Base,
			);
			mainGroup = 5F69673727A68E5800A175CE;
			productRefGroup = 5F69674127A68E5800A175CE /* Products */;
			projectDirPath = "";
			projectRoot = "";
			targets = (
				5F69673F27A68E5800A175CE /* Coordinator-Sample */,
				5F69675527A68E5A00A175CE /* Coordinator-SampleTests */,
				5F69675F27A68E5A00A175CE /* Coordinator-SampleUITests */,
			);
		};
/* End PBXProject section */

/* Begin PBXResourcesBuildPhase section */
		5F69673E27A68E5800A175CE /* Resources */ = {
			isa = PBXResourcesBuildPhase;
			buildActionMask = 2147483647;
			files = (
				5F42FFE827A6F5A800F71CC2 /* SecondViewController.xib in Resources */,
				5F69675027A68E5A00A175CE /* LaunchScreen.storyboard in Resources */,
				5F42FFDC27A6EEE700F71CC2 /* FirstViewController.xib in Resources */,
				5F69674D27A68E5A00A175CE /* Assets.xcassets in Resources */,
			);
			runOnlyForDeploymentPostprocessing = 0;
		};
		5F69675427A68E5A00A175CE /* Resources */ = {
			isa = PBXResourcesBuildPhase;
			buildActionMask = 2147483647;
			files = (
			);
			runOnlyForDeploymentPostprocessing = 0;
		};
		5F69675E27A68E5A00A175CE /* Resources */ = {
			isa = PBXResourcesBuildPhase;
			buildActionMask = 2147483647;
			files = (
			);
			runOnlyForDeploymentPostprocessing = 0;
		};
/* End PBXResourcesBuildPhase section */

/* Begin PBXSourcesBuildPhase section */
		5F69673C27A68E5800A175CE /* Sources */ = {
			isa = PBXSourcesBuildPhase;
			buildActionMask = 2147483647;
			files = (
				5F42FFE727A6F5A800F71CC2 /* SecondViewController.swift in Sources */,
				5F42FFE127A6EFAC00F71CC2 /* Coordinator.swift in Sources */,
				5F42FFDB27A6EEE700F71CC2 /* FirstViewController.swift in Sources */,
				5F69674427A68E5800A175CE /* AppDelegate.swift in Sources */,
				5F42FFE327A6F1CB00F71CC2 /* MainCoordinator.swift in Sources */,
				5F69674627A68E5800A175CE /* SceneDelegate.swift in Sources */,
			);
			runOnlyForDeploymentPostprocessing = 0;
		};
		5F69675227A68E5A00A175CE /* Sources */ = {
			isa = PBXSourcesBuildPhase;
			buildActionMask = 2147483647;
			files = (
				5F69675B27A68E5A00A175CE /* Coordinator_SampleTests.swift in Sources */,
			);
			runOnlyForDeploymentPostprocessing = 0;
		};
		5F69675C27A68E5A00A175CE /* Sources */ = {
			isa = PBXSourcesBuildPhase;
			buildActionMask = 2147483647;
			files = (
				5F69676527A68E5A00A175CE /* Coordinator_SampleUITests.swift in Sources */,
				5F69676727A68E5A00A175CE /* Coordinator_SampleUITestsLaunchTests.swift in Sources */,
			);
			runOnlyForDeploymentPostprocessing = 0;
		};
/* End PBXSourcesBuildPhase section */

/* Begin PBXTargetDependency section */
		5F69675827A68E5A00A175CE /* PBXTargetDependency */ = {
			isa = PBXTargetDependency;
			target = 5F69673F27A68E5800A175CE /* Coordinator-Sample */;
			targetProxy = 5F69675727A68E5A00A175CE /* PBXContainerItemProxy */;
		};
		5F69676227A68E5A00A175CE /* PBXTargetDependency */ = {
			isa = PBXTargetDependency;
			target = 5F69673F27A68E5800A175CE /* Coordinator-Sample */;
			targetProxy = 5F69676127A68E5A00A175CE /* PBXContainerItemProxy */;
		};
/* End PBXTargetDependency section */

/* Begin PBXVariantGroup section */
		5F69674E27A68E5A00A175CE /* LaunchScreen.storyboard */ = {
			isa = PBXVariantGroup;
			children = (
				5F69674F27A68E5A00A175CE /* Base */,
			);
			name = LaunchScreen.storyboard;
			sourceTree = "<group>";
		};
/* End PBXVariantGroup section */

/* Begin XCBuildConfiguration section */
		5F69676827A68E5A00A175CE /* Debug */ = {
			isa = XCBuildConfiguration;
			buildSettings = {
				ALWAYS_SEARCH_USER_PATHS = NO;
				CLANG_ANALYZER_NONNULL = YES;
				CLANG_ANALYZER_NUMBER_OBJECT_CONVERSION = YES_AGGRESSIVE;
				CLANG_CXX_LANGUAGE_STANDARD = "gnu++17";
				CLANG_CXX_LIBRARY = "libc++";
				CLANG_ENABLE_MODULES = YES;
				CLANG_ENABLE_OBJC_ARC = YES;
				CLANG_ENABLE_OBJC_WEAK = YES;
				CLANG_WARN_BLOCK_CAPTURE_AUTORELEASING = YES;
				CLANG_WARN_BOOL_CONVERSION = YES;
				CLANG_WARN_COMMA = YES;
				CLANG_WARN_CONSTANT_CONVERSION = YES;
				CLANG_WARN_DEPRECATED_OBJC_IMPLEMENTATIONS = YES;
				CLANG_WARN_DIRECT_OBJC_ISA_USAGE = YES_ERROR;
				CLANG_WARN_DOCUMENTATION_COMMENTS = YES;
				CLANG_WARN_EMPTY_BODY = YES;
				CLANG_WARN_ENUM_CONVERSION = YES;
				CLANG_WARN_INFINITE_RECURSION = YES;
				CLANG_WARN_INT_CONVERSION = YES;
				CLANG_WARN_NON_LITERAL_NULL_CONVERSION = YES;
				CLANG_WARN_OBJC_IMPLICIT_RETAIN_SELF = YES;
				CLANG_WARN_OBJC_LITERAL_CONVERSION = YES;
				CLANG_WARN_OBJC_ROOT_CLASS = YES_ERROR;
				CLANG_WARN_QUOTED_INCLUDE_IN_FRAMEWORK_HEADER = YES;
				CLANG_WARN_RANGE_LOOP_ANALYSIS = YES;
				CLANG_WARN_STRICT_PROTOTYPES = YES;
				CLANG_WARN_SUSPICIOUS_MOVE = YES;
				CLANG_WARN_UNGUARDED_AVAILABILITY = YES_AGGRESSIVE;
				CLANG_WARN_UNREACHABLE_CODE = YES;
				CLANG_WARN__DUPLICATE_METHOD_MATCH = YES;
				COPY_PHASE_STRIP = NO;
				DEBUG_INFORMATION_FORMAT = dwarf;
				ENABLE_STRICT_OBJC_MSGSEND = YES;
				ENABLE_TESTABILITY = YES;
				GCC_C_LANGUAGE_STANDARD = gnu11;
				GCC_DYNAMIC_NO_PIC = NO;
				GCC_NO_COMMON_BLOCKS = YES;
				GCC_OPTIMIZATION_LEVEL = 0;
				GCC_PREPROCESSOR_DEFINITIONS = (
					"DEBUG=1",
					"$(inherited)",
				);
				GCC_WARN_64_TO_32_BIT_CONVERSION = YES;
				GCC_WARN_ABOUT_RETURN_TYPE = YES_ERROR;
				GCC_WARN_UNDECLARED_SELECTOR = YES;
				GCC_WARN_UNINITIALIZED_AUTOS = YES_AGGRESSIVE;
				GCC_WARN_UNUSED_FUNCTION = YES;
				GCC_WARN_UNUSED_VARIABLE = YES;
				IPHONEOS_DEPLOYMENT_TARGET = 15.2;
				MTL_ENABLE_DEBUG_INFO = INCLUDE_SOURCE;
				MTL_FAST_MATH = YES;
				ONLY_ACTIVE_ARCH = YES;
				SDKROOT = iphoneos;
				SWIFT_ACTIVE_COMPILATION_CONDITIONS = DEBUG;
				SWIFT_OPTIMIZATION_LEVEL = "-Onone";
			};
			name = Debug;
		};
		5F69676927A68E5A00A175CE /* Release */ = {
			isa = XCBuildConfiguration;
			buildSettings = {
				ALWAYS_SEARCH_USER_PATHS = NO;
				CLANG_ANALYZER_NONNULL = YES;
				CLANG_ANALYZER_NUMBER_OBJECT_CONVERSION = YES_AGGRESSIVE;
				CLANG_CXX_LANGUAGE_STANDARD = "gnu++17";
				CLANG_CXX_LIBRARY = "libc++";
				CLANG_ENABLE_MODULES = YES;
				CLANG_ENABLE_OBJC_ARC = YES;
				CLANG_ENABLE_OBJC_WEAK = YES;
				CLANG_WARN_BLOCK_CAPTURE_AUTORELEASING = YES;
				CLANG_WARN_BOOL_CONVERSION = YES;
				CLANG_WARN_COMMA = YES;
				CLANG_WARN_CONSTANT_CONVERSION = YES;
				CLANG_WARN_DEPRECATED_OBJC_IMPLEMENTATIONS = YES;
				CLANG_WARN_DIRECT_OBJC_ISA_USAGE = YES_ERROR;
				CLANG_WARN_DOCUMENTATION_COMMENTS = YES;
				CLANG_WARN_EMPTY_BODY = YES;
				CLANG_WARN_ENUM_CONVERSION = YES;
				CLANG_WARN_INFINITE_RECURSION = YES;
				CLANG_WARN_INT_CONVERSION = YES;
				CLANG_WARN_NON_LITERAL_NULL_CONVERSION = YES;
				CLANG_WARN_OBJC_IMPLICIT_RETAIN_SELF = YES;
				CLANG_WARN_OBJC_LITERAL_CONVERSION = YES;
				CLANG_WARN_OBJC_ROOT_CLASS = YES_ERROR;
				CLANG_WARN_QUOTED_INCLUDE_IN_FRAMEWORK_HEADER = YES;
				CLANG_WARN_RANGE_LOOP_ANALYSIS = YES;
				CLANG_WARN_STRICT_PROTOTYPES = YES;
				CLANG_WARN_SUSPICIOUS_MOVE = YES;
				CLANG_WARN_UNGUARDED_AVAILABILITY = YES_AGGRESSIVE;
				CLANG_WARN_UNREACHABLE_CODE = YES;
				CLANG_WARN__DUPLICATE_METHOD_MATCH = YES;
				COPY_PHASE_STRIP = NO;
				DEBUG_INFORMATION_FORMAT = "dwarf-with-dsym";
				ENABLE_NS_ASSERTIONS = NO;
				ENABLE_STRICT_OBJC_MSGSEND = YES;
				GCC_C_LANGUAGE_STANDARD = gnu11;
				GCC_NO_COMMON_BLOCKS = YES;
				GCC_WARN_64_TO_32_BIT_CONVERSION = YES;
				GCC_WARN_ABOUT_RETURN_TYPE = YES_ERROR;
				GCC_WARN_UNDECLARED_SELECTOR = YES;
				GCC_WARN_UNINITIALIZED_AUTOS = YES_AGGRESSIVE;
				GCC_WARN_UNUSED_FUNCTION = YES;
				GCC_WARN_UNUSED_VARIABLE = YES;
				IPHONEOS_DEPLOYMENT_TARGET = 15.2;
				MTL_ENABLE_DEBUG_INFO = NO;
				MTL_FAST_MATH = YES;
				SDKROOT = iphoneos;
				SWIFT_COMPILATION_MODE = wholemodule;
				SWIFT_OPTIMIZATION_LEVEL = "-O";
				VALIDATE_PRODUCT = YES;
			};
			name = Release;
		};
		5F69676B27A68E5A00A175CE /* Debug */ = {
			isa = XCBuildConfiguration;
			buildSettings = {
				ASSETCATALOG_COMPILER_APPICON_NAME = AppIcon;
				ASSETCATALOG_COMPILER_GLOBAL_ACCENT_COLOR_NAME = AccentColor;
				CODE_SIGN_STYLE = Automatic;
				CURRENT_PROJECT_VERSION = 1;
				DEVELOPMENT_TEAM = 74W4KWPA75;
				GENERATE_INFOPLIST_FILE = YES;
				INFOPLIST_FILE = "Coordinator-Sample/Info.plist";
				INFOPLIST_KEY_UIApplicationSupportsIndirectInputEvents = YES;
				INFOPLIST_KEY_UILaunchStoryboardName = LaunchScreen;
				INFOPLIST_KEY_UISupportedInterfaceOrientations_iPad = "UIInterfaceOrientationPortrait UIInterfaceOrientationPortraitUpsideDown UIInterfaceOrientationLandscapeLeft UIInterfaceOrientationLandscapeRight";
				INFOPLIST_KEY_UISupportedInterfaceOrientations_iPhone = "UIInterfaceOrientationPortrait UIInterfaceOrientationLandscapeLeft UIInterfaceOrientationLandscapeRight";
				LD_RUNPATH_SEARCH_PATHS = (
					"$(inherited)",
					"@executable_path/Frameworks",
				);
				MARKETING_VERSION = 1.0;
				PRODUCT_BUNDLE_IDENTIFIER = "com.sarkoobi.Coordinator-Sample";
				PRODUCT_NAME = "$(TARGET_NAME)";
				SWIFT_EMIT_LOC_STRINGS = YES;
				SWIFT_VERSION = 5.0;
				TARGETED_DEVICE_FAMILY = "1,2";
			};
			name = Debug;
		};
		5F69676C27A68E5A00A175CE /* Release */ = {
			isa = XCBuildConfiguration;
			buildSettings = {
				ASSETCATALOG_COMPILER_APPICON_NAME = AppIcon;
				ASSETCATALOG_COMPILER_GLOBAL_ACCENT_COLOR_NAME = AccentColor;
				CODE_SIGN_STYLE = Automatic;
				CURRENT_PROJECT_VERSION = 1;
				DEVELOPMENT_TEAM = 74W4KWPA75;
				GENERATE_INFOPLIST_FILE = YES;
				INFOPLIST_FILE = "Coordinator-Sample/Info.plist";
				INFOPLIST_KEY_UIApplicationSupportsIndirectInputEvents = YES;
				INFOPLIST_KEY_UILaunchStoryboardName = LaunchScreen;
				INFOPLIST_KEY_UISupportedInterfaceOrientations_iPad = "UIInterfaceOrientationPortrait UIInterfaceOrientationPortraitUpsideDown UIInterfaceOrientationLandscapeLeft UIInterfaceOrientationLandscapeRight";
				INFOPLIST_KEY_UISupportedInterfaceOrientations_iPhone = "UIInterfaceOrientationPortrait UIInterfaceOrientationLandscapeLeft UIInterfaceOrientationLandscapeRight";
				LD_RUNPATH_SEARCH_PATHS = (
					"$(inherited)",
					"@executable_path/Frameworks",
				);
				MARKETING_VERSION = 1.0;
				PRODUCT_BUNDLE_IDENTIFIER = "com.sarkoobi.Coordinator-Sample";
				PRODUCT_NAME = "$(TARGET_NAME)";
				SWIFT_EMIT_LOC_STRINGS = YES;
				SWIFT_VERSION = 5.0;
				TARGETED_DEVICE_FAMILY = "1,2";
			};
			name = Release;
		};
		5F69676E27A68E5A00A175CE /* Debug */ = {
			isa = XCBuildConfiguration;
			buildSettings = {
				ALWAYS_EMBED_SWIFT_STANDARD_LIBRARIES = YES;
				BUNDLE_LOADER = "$(TEST_HOST)";
				CODE_SIGN_STYLE = Automatic;
				CURRENT_PROJECT_VERSION = 1;
				DEVELOPMENT_TEAM = 74W4KWPA75;
				GENERATE_INFOPLIST_FILE = YES;
				IPHONEOS_DEPLOYMENT_TARGET = 15.2;
				MARKETING_VERSION = 1.0;
				PRODUCT_BUNDLE_IDENTIFIER = "com.sarkoobi.Coordinator-SampleTests";
				PRODUCT_NAME = "$(TARGET_NAME)";
				SWIFT_EMIT_LOC_STRINGS = NO;
				SWIFT_VERSION = 5.0;
				TARGETED_DEVICE_FAMILY = "1,2";
				TEST_HOST = "$(BUILT_PRODUCTS_DIR)/Coordinator-Sample.app/Coordinator-Sample";
			};
			name = Debug;
		};
		5F69676F27A68E5A00A175CE /* Release */ = {
			isa = XCBuildConfiguration;
			buildSettings = {
				ALWAYS_EMBED_SWIFT_STANDARD_LIBRARIES = YES;
				BUNDLE_LOADER = "$(TEST_HOST)";
				CODE_SIGN_STYLE = Automatic;
				CURRENT_PROJECT_VERSION = 1;
				DEVELOPMENT_TEAM = 74W4KWPA75;
				GENERATE_INFOPLIST_FILE = YES;
				IPHONEOS_DEPLOYMENT_TARGET = 15.2;
				MARKETING_VERSION = 1.0;
				PRODUCT_BUNDLE_IDENTIFIER = "com.sarkoobi.Coordinator-SampleTests";
				PRODUCT_NAME = "$(TARGET_NAME)";
				SWIFT_EMIT_LOC_STRINGS = NO;
				SWIFT_VERSION = 5.0;
				TARGETED_DEVICE_FAMILY = "1,2";
				TEST_HOST = "$(BUILT_PRODUCTS_DIR)/Coordinator-Sample.app/Coordinator-Sample";
			};
			name = Release;
		};
		5F69677127A68E5A00A175CE /* Debug */ = {
			isa = XCBuildConfiguration;
			buildSettings = {
				ALWAYS_EMBED_SWIFT_STANDARD_LIBRARIES = YES;
				CODE_SIGN_STYLE = Automatic;
				CURRENT_PROJECT_VERSION = 1;
				DEVELOPMENT_TEAM = 74W4KWPA75;
				GENERATE_INFOPLIST_FILE = YES;
				MARKETING_VERSION = 1.0;
				PRODUCT_BUNDLE_IDENTIFIER = "com.sarkoobi.Coordinator-SampleUITests";
				PRODUCT_NAME = "$(TARGET_NAME)";
				SWIFT_EMIT_LOC_STRINGS = NO;
				SWIFT_VERSION = 5.0;
				TARGETED_DEVICE_FAMILY = "1,2";
				TEST_TARGET_NAME = "Coordinator-Sample";
			};
			name = Debug;
		};
		5F69677227A68E5A00A175CE /* Release */ = {
			isa = XCBuildConfiguration;
			buildSettings = {
				ALWAYS_EMBED_SWIFT_STANDARD_LIBRARIES = YES;
				CODE_SIGN_STYLE = Automatic;
				CURRENT_PROJECT_VERSION = 1;
				DEVELOPMENT_TEAM = 74W4KWPA75;
				GENERATE_INFOPLIST_FILE = YES;
				MARKETING_VERSION = 1.0;
				PRODUCT_BUNDLE_IDENTIFIER = "com.sarkoobi.Coordinator-SampleUITests";
				PRODUCT_NAME = "$(TARGET_NAME)";
				SWIFT_EMIT_LOC_STRINGS = NO;
				SWIFT_VERSION = 5.0;
				TARGETED_DEVICE_FAMILY = "1,2";
				TEST_TARGET_NAME = "Coordinator-Sample";
			};
			name = Release;
		};
/* End XCBuildConfiguration section */

/* Begin XCConfigurationList section */
		5F69673B27A68E5800A175CE /* Build configuration list for PBXProject "Coordinator-Sample" */ = {
			isa = XCConfigurationList;
			buildConfigurations = (
				5F69676827A68E5A00A175CE /* Debug */,
				5F69676927A68E5A00A175CE /* Release */,
			);
			defaultConfigurationIsVisible = 0;
			defaultConfigurationName = Release;
		};
		5F69676A27A68E5A00A175CE /* Build configuration list for PBXNativeTarget "Coordinator-Sample" */ = {
			isa = XCConfigurationList;
			buildConfigurations = (
				5F69676B27A68E5A00A175CE /* Debug */,
				5F69676C27A68E5A00A175CE /* Release */,
			);
			defaultConfigurationIsVisible = 0;
			defaultConfigurationName = Release;
		};
		5F69676D27A68E5A00A175CE /* Build configuration list for PBXNativeTarget "Coordinator-SampleTests" */ = {
			isa = XCConfigurationList;
			buildConfigurations = (
				5F69676E27A68E5A00A175CE /* Debug */,
				5F69676F27A68E5A00A175CE /* Release */,
			);
			defaultConfigurationIsVisible = 0;
			defaultConfigurationName = Release;
		};
		5F69677027A68E5A00A175CE /* Build configuration list for PBXNativeTarget "Coordinator-SampleUITests" */ = {
			isa = XCConfigurationList;
			buildConfigurations = (
				5F69677127A68E5A00A175CE /* Debug */,
				5F69677227A68E5A00A175CE /* Release */,
			);
			defaultConfigurationIsVisible = 0;
			defaultConfigurationName = Release;
		};
/* End XCConfigurationList section */
	};
	rootObject = 5F69673827A68E5800A175CE /* Project object */;
}
